
Microsoft Visual Studio Solution File, Format Version 12.00
# Visual Studio Version 17
VisualStudioVersion = 17.9.34616.47
MinimumVisualStudioVersion = 10.0.40219.1
Project("{FAE04EC0-301F-11D3-BF4B-00C04F79EFBC}") = "Lab05", "Lab05.csproj", "{095D8364-ADCB-4D06-AE96-B9A2617CEDEA}"
EndProject
Global
	GlobalSection(SolutionConfigurationPlatforms) = preSolution
		Debug|Any CPU = Debug|Any CPU
		Release|Any CPU = Release|Any CPU
	EndGlobalSection
	GlobalSection(ProjectConfigurationPlatforms) = postSolution
		{095D8364-ADCB-4D06-AE96-B9A2617CEDEA}.Debug|Any CPU.ActiveCfg = Debug|Any CPU
		{095D8364-ADCB-4D06-AE96-B9A2617CEDEA}.Debug|Any CPU.Build.0 = Debug|Any CPU
		{095D8364-ADCB-4D06-AE96-B9A2617CEDEA}.Release|Any CPU.ActiveCfg = Release|Any CPU
		{095D8364-ADCB-4D06-AE96-B9A2617CEDEA}.Release|Any CPU.Build.0 = Release|Any CPU
	EndGlobalSection
	GlobalSection(SolutionProperties) = preSolution
		HideSolutionNode = FALSE
	EndGlobalSection
	GlobalSection(ExtensibilityGlobals) = postSolution
		SolutionGuid = {B21CC9E2-6C8D-4476-AB20-4DA29CB4E3A7}
	EndGlobalSection
EndGlobal
